
Microsoft Visual Studio Solution File, Format Version 12.00
# Visual Studio Version 17
VisualStudioVersion = 17.14.37328.6 d17.14
MinimumVisualStudioVersion = 10.0.40219.1
Project("{FAE04EC0-301F-11D3-BF4B-00C04F79EFBC}") = "MathReprise", "MathReprise\MathReprise.csproj", "{D4C38147-65F0-4E4B-8718-C6DDBD5B7492}"
EndProject
Global
	GlobalSection(SolutionConfigurationPlatforms) = preSolution
		Debug|Any CPU = Debug|Any CPU
		Release|Any CPU = Release|Any CPU
	EndGlobalSection
	GlobalSection(ProjectConfigurationPlatforms) = postSolution
		{D4C38147-65F0-4E4B-8718-C6DDBD5B7492}.Debug|Any CPU.ActiveCfg = Debug|Any CPU
		{D4C38147-65F0-4E4B-8718-C6DDBD5B7492}.Debug|Any CPU.Build.0 = Debug|Any CPU
		{D4C38147-65F0-4E4B-8718-C6DDBD5B7492}.Release|Any CPU.ActiveCfg = Release|Any CPU
		{D4C38147-65F0-4E4B-8718-C6DDBD5B7492}.Release|Any CPU.Build.0 = Release|Any CPU
	EndGlobalSection
	GlobalSection(SolutionProperties) = preSolution
		HideSolutionNode = FALSE
	EndGlobalSection
	GlobalSection(ExtensibilityGlobals) = postSolution
		SolutionGuid = {4E5A53FC-44B0-48C0-9FC6-AA5299E1164C}
	EndGlobalSection
EndGlobal
